
Microsoft Visual Studio Solution File, Format Version 12.00
# Visual Studio Version 16
VisualStudioVersion = 16.0.32901.82
MinimumVisualStudioVersion = 10.0.40219.1
Project("{8BC9CEB8-8B4A-11D0-8D11-00A0C91BC942}") = "CarRentalSystem", "CarRentalSystem\CarRentalSystem.vcxproj", "{47D0F005-2F51-454B-B820-B51B944D08E0}"
EndProject
Project("{8BC9CEB8-8B4A-11D0-8D11-00A0C91BC942}") = "Split test", "Split test\Split test.vcxproj", "{91E74084-BDD5-44C7-9046-A8D8C7D757C3}"
EndProject
Global
	GlobalSection(SolutionConfigurationPlatforms) = preSolution
		Debug|x64 = Debug|x64
		Debug|x86 = Debug|x86
		Release|x64 = Release|x64
		Release|x86 = Release|x86
	EndGlobalSection
	GlobalSection(ProjectConfigurationPlatforms) = postSolution
		{47D0F005-2F51-454B-B820-B51B944D08E0}.Debug|x64.ActiveCfg = Debug|x64
		{47D0F005-2F51-454B-B820-B51B944D08E0}.Debug|x64.Build.0 = Debug|x64
		{47D0F005-2F51-454B-B820-B51B944D08E0}.Debug|x86.ActiveCfg = Debug|Win32
		{47D0F005-2F51-454B-B820-B51B944D08E0}.Debug|x86.Build.0 = Debug|Win32
		{47D0F005-2F51-454B-B820-B51B944D08E0}.Release|x64.ActiveCfg = Release|x64
		{47D0F005-2F51-454B-B820-B51B944D08E0}.Release|x64.Build.0 = Release|x64
		{47D0F005-2F51-454B-B820-B51B944D08E0}.Release|x86.ActiveCfg = Release|Win32
		{47D0F005-2F51-454B-B820-B51B944D08E0}.Release|x86.Build.0 = Release|Win32
		{91E74084-BDD5-44C7-9046-A8D8C7D757C3}.Debug|x64.ActiveCfg = Debug|x64
		{91E74084-BDD5-44C7-9046-A8D8C7D757C3}.Debug|x64.Build.0 = Debug|x64
		{91E74084-BDD5-44C7-9046-A8D8C7D757C3}.Debug|x86.ActiveCfg = Debug|Win32
		{91E74084-BDD5-44C7-9046-A8D8C7D757C3}.Debug|x86.Build.0 = Debug|Win32
		{91E74084-BDD5-44C7-9046-A8D8C7D757C3}.Release|x64.ActiveCfg = Release|x64
		{91E74084-BDD5-44C7-9046-A8D8C7D757C3}.Release|x64.Build.0 = Release|x64
		{91E74084-BDD5-44C7-9046-A8D8C7D757C3}.Release|x86.ActiveCfg = Release|Win32
		{91E74084-BDD5-44C7-9046-A8D8C7D757C3}.Release|x86.Build.0 = Release|Win32
	EndGlobalSection
	GlobalSection(SolutionProperties) = preSolution
		HideSolutionNode = FALSE
	EndGlobalSection
	GlobalSection(ExtensibilityGlobals) = postSolution
		SolutionGuid = {18257D1F-A3D6-4720-9C56-97F01EC611F4}
	EndGlobalSection
EndGlobal
